// !$*UTF8*$!
{
	archiveVersion = 1;
	classes = {
	};
	objectVersion = 56;
	objects = {

/* Begin PBXBuildFile section */
		A10000000000000000000001 /* FitTuneWatchApp.swift in Sources */ = {isa = PBXBuildFile; fileRef = A20000000000000000000001 /* FitTuneWatchApp.swift */; };
		A10000000000000000000002 /* WatchWorkoutView.swift in Sources */ = {isa = PBXBuildFile; fileRef = A20000000000000000000002 /* WatchWorkoutView.swift */; };
		A10000000000000000000003 /* WatchWorkoutSessionManager.swift in Sources */ = {isa = PBXBuildFile; fileRef = A20000000000000000000003 /* WatchWorkoutSessionManager.swift */; };
		A10000000000000000000004 /* FitTuneWatch.app in Embed Watch Content */ = {isa = PBXBuildFile; fileRef = A20000000000000000000006 /* FitTuneWatch.app */; settings = {ATTRIBUTES = (RemoveHeadersOnCopy, ); }; };
		A10000000000000000000005 /* FitTuneWidgetsBundle.swift in Sources */ = {isa = PBXBuildFile; fileRef = A20000000000000000000007 /* FitTuneWidgetsBundle.swift */; };
		A10000000000000000000006 /* WorkoutLiveActivityWidget.swift in Sources */ = {isa = PBXBuildFile; fileRef = A20000000000000000000008 /* WorkoutLiveActivityWidget.swift */; };
		A10000000000000000000007 /* WorkoutActivityAttributes.swift in Sources */ = {isa = PBXBuildFile; fileRef = C00000000000000000000039 /* WorkoutActivityAttributes.swift */; };
		A10000000000000000000008 /* FitTuneWidgets.appex in Embed App Extensions */ = {isa = PBXBuildFile; fileRef = A2000000000000000000000A /* FitTuneWidgets.appex */; settings = {ATTRIBUTES = (RemoveHeadersOnCopy, ); }; };
		B00000000000000000000001 /* FitTuneApp.swift in Sources */ = {isa = PBXBuildFile; fileRef = C00000000000000000000001 /* FitTuneApp.swift */; };
		B00000000000000000000002 /* DomainModels.swift in Sources */ = {isa = PBXBuildFile; fileRef = C00000000000000000000002 /* DomainModels.swift */; };
		B00000000000000000000003 /* TrainingEngine.swift in Sources */ = {isa = PBXBuildFile; fileRef = C00000000000000000000003 /* TrainingEngine.swift */; };
		B00000000000000000000004 /* AppStore.swift in Sources */ = {isa = PBXBuildFile; fileRef = C00000000000000000000004 /* AppStore.swift */; };
		B00000000000000000000005 /* HealthKitService.swift in Sources */ = {isa = PBXBuildFile; fileRef = C00000000000000000000005 /* HealthKitService.swift */; };
		B00000000000000000000006 /* DesignSystem.swift in Sources */ = {isa = PBXBuildFile; fileRef = C00000000000000000000006 /* DesignSystem.swift */; };
		B00000000000000000000007 /* RootView.swift in Sources */ = {isa = PBXBuildFile; fileRef = C00000000000000000000007 /* RootView.swift */; };
		B00000000000000000000008 /* OnboardingView.swift in Sources */ = {isa = PBXBuildFile; fileRef = C00000000000000000000008 /* OnboardingView.swift */; };
		B00000000000000000000009 /* TodayView.swift in Sources */ = {isa = PBXBuildFile; fileRef = C00000000000000000000009 /* TodayView.swift */; };
		B0000000000000000000000A /* WorkoutSessionView.swift in Sources */ = {isa = PBXBuildFile; fileRef = C0000000000000000000000A /* WorkoutSessionView.swift */; };
		B0000000000000000000000B /* PlanView.swift in Sources */ = {isa = PBXBuildFile; fileRef = C0000000000000000000000B /* PlanView.swift */; };
		B0000000000000000000000C /* InsightsView.swift in Sources */ = {isa = PBXBuildFile; fileRef = C0000000000000000000000C /* InsightsView.swift */; };
		B0000000000000000000000D /* ProfileView.swift in Sources */ = {isa = PBXBuildFile; fileRef = C0000000000000000000000D /* ProfileView.swift */; };
		B0000000000000000000000E /* TrainingEngineTests.swift in Sources */ = {isa = PBXBuildFile; fileRef = C0000000000000000000000E /* TrainingEngineTests.swift */; };
		B0000000000000000000000F /* PrivacyInfo.xcprivacy in Resources */ = {isa = PBXBuildFile; fileRef = C0000000000000000000000F /* PrivacyInfo.xcprivacy */; };
		B00000000000000000000010 /* HealthKit.framework in Frameworks */ = {isa = PBXBuildFile; fileRef = C00000000000000000000010 /* HealthKit.framework */; };
		B00000000000000000000011 /* Charts.framework in Frameworks */ = {isa = PBXBuildFile; fileRef = C00000000000000000000011 /* Charts.framework */; };
		B00000000000000000000012 /* AppStoreTests.swift in Sources */ = {isa = PBXBuildFile; fileRef = C00000000000000000000015 /* AppStoreTests.swift */; };
		B00000000000000000000013 /* WorkoutModels.swift in Sources */ = {isa = PBXBuildFile; fileRef = C00000000000000000000016 /* WorkoutModels.swift */; };
		B00000000000000000000014 /* HealthMetricModels.swift in Sources */ = {isa = PBXBuildFile; fileRef = C00000000000000000000017 /* HealthMetricModels.swift */; };
		B00000000000000000000015 /* ExerciseLibraryView.swift in Sources */ = {isa = PBXBuildFile; fileRef = C00000000000000000000018 /* ExerciseLibraryView.swift */; };
		B00000000000000000000016 /* CustomExerciseEditorView.swift in Sources */ = {isa = PBXBuildFile; fileRef = C00000000000000000000019 /* CustomExerciseEditorView.swift */; };
		B00000000000000000000017 /* RecoveryEngine.swift in Sources */ = {isa = PBXBuildFile; fileRef = C0000000000000000000001A /* RecoveryEngine.swift */; };
		B00000000000000000000018 /* RecoveryEngineTests.swift in Sources */ = {isa = PBXBuildFile; fileRef = C0000000000000000000001B /* RecoveryEngineTests.swift */; };
		B00000000000000000000019 /* HealthImportModels.swift in Sources */ = {isa = PBXBuildFile; fileRef = C0000000000000000000001C /* HealthImportModels.swift */; };
		B0000000000000000000001A /* HealthImportMergeTests.swift in Sources */ = {isa = PBXBuildFile; fileRef = C0000000000000000000001D /* HealthImportMergeTests.swift */; };
		B0000000000000000000001B /* LiveSensorSource.swift in Sources */ = {isa = PBXBuildFile; fileRef = C0000000000000000000001E /* LiveSensorSource.swift */; };
		B0000000000000000000001C /* LiveSensorCoordinator.swift in Sources */ = {isa = PBXBuildFile; fileRef = C0000000000000000000001F /* LiveSensorCoordinator.swift */; };
		B0000000000000000000001D /* BluetoothHeartRateSource.swift in Sources */ = {isa = PBXBuildFile; fileRef = C00000000000000000000020 /* BluetoothHeartRateSource.swift */; };
		B0000000000000000000001E /* LiveSensorCoordinatorTests.swift in Sources */ = {isa = PBXBuildFile; fileRef = C00000000000000000000021 /* LiveSensorCoordinatorTests.swift */; };
		B0000000000000000000001F /* BluetoothHeartRateParserTests.swift in Sources */ = {isa = PBXBuildFile; fileRef = C00000000000000000000022 /* BluetoothHeartRateParserTests.swift */; };
		B00000000000000000000020 /* DeviceCenterView.swift in Sources */ = {isa = PBXBuildFile; fileRef = C00000000000000000000023 /* DeviceCenterView.swift */; };
		B00000000000000000000021 /* LiveAdaptationEngine.swift in Sources */ = {isa = PBXBuildFile; fileRef = C00000000000000000000024 /* LiveAdaptationEngine.swift */; };
		B00000000000000000000022 /* LiveAdaptationEngineTests.swift in Sources */ = {isa = PBXBuildFile; fileRef = C00000000000000000000025 /* LiveAdaptationEngineTests.swift */; };
		B00000000000000000000023 /* CardioSessionTests.swift in Sources */ = {isa = PBXBuildFile; fileRef = C00000000000000000000026 /* CardioSessionTests.swift */; };
		B00000000000000000000024 /* MotionLocationSource.swift in Sources */ = {isa = PBXBuildFile; fileRef = C00000000000000000000027 /* MotionLocationSource.swift */; };
		B00000000000000000000025 /* CardioSessionView.swift in Sources */ = {isa = PBXBuildFile; fileRef = C00000000000000000000028 /* CardioSessionView.swift */; };
		B00000000000000000000026 /* SummaryEngine.swift in Sources */ = {isa = PBXBuildFile; fileRef = C00000000000000000000029 /* SummaryEngine.swift */; };
		B00000000000000000000027 /* SummaryEngineTests.swift in Sources */ = {isa = PBXBuildFile; fileRef = C0000000000000000000002A /* SummaryEngineTests.swift */; };
		B00000000000000000000028 /* WorkoutSummaryView.swift in Sources */ = {isa = PBXBuildFile; fileRef = C0000000000000000000002B /* WorkoutSummaryView.swift */; };
		B00000000000000000000029 /* HistoryDetailView.swift in Sources */ = {isa = PBXBuildFile; fileRef = C0000000000000000000002C /* HistoryDetailView.swift */; };
		B0000000000000000000002A /* TrendEngine.swift in Sources */ = {isa = PBXBuildFile; fileRef = C0000000000000000000002D /* TrendEngine.swift */; };
		B0000000000000000000002B /* TrendEngineTests.swift in Sources */ = {isa = PBXBuildFile; fileRef = C0000000000000000000002E /* TrendEngineTests.swift */; };
		B0000000000000000000002C /* EnergyEngine.swift in Sources */ = {isa = PBXBuildFile; fileRef = C0000000000000000000002F /* EnergyEngine.swift */; };
		B0000000000000000000002D /* EnergyEngineTests.swift in Sources */ = {isa = PBXBuildFile; fileRef = C00000000000000000000030 /* EnergyEngineTests.swift */; };
		B0000000000000000000002E /* DataExportService.swift in Sources */ = {isa = PBXBuildFile; fileRef = C00000000000000000000031 /* DataExportService.swift */; };
		B0000000000000000000002F /* DataExportServiceTests.swift in Sources */ = {isa = PBXBuildFile; fileRef = C00000000000000000000032 /* DataExportServiceTests.swift */; };
		B00000000000000000000030 /* AlgorithmInfoView.swift in Sources */ = {isa = PBXBuildFile; fileRef = C00000000000000000000033 /* AlgorithmInfoView.swift */; };
		B00000000000000000000031 /* SafetySettingsView.swift in Sources */ = {isa = PBXBuildFile; fileRef = C00000000000000000000034 /* SafetySettingsView.swift */; };
		B00000000000000000000032 /* WatchMetricMerge.swift in Sources */ = {isa = PBXBuildFile; fileRef = C00000000000000000000035 /* WatchMetricMerge.swift */; };
		B00000000000000000000033 /* WatchWorkoutBridge.swift in Sources */ = {isa = PBXBuildFile; fileRef = C00000000000000000000036 /* WatchWorkoutBridge.swift */; };
		B00000000000000000000034 /* WatchMetricMergeTests.swift in Sources */ = {isa = PBXBuildFile; fileRef = C00000000000000000000037 /* WatchMetricMergeTests.swift */; };
		B00000000000000000000035 /* WorkoutActivitySnapshot.swift in Sources */ = {isa = PBXBuildFile; fileRef = C00000000000000000000038 /* WorkoutActivitySnapshot.swift */; };
		B00000000000000000000036 /* WorkoutActivityAttributes.swift in Sources */ = {isa = PBXBuildFile; fileRef = C00000000000000000000039 /* WorkoutActivityAttributes.swift */; };
		B00000000000000000000037 /* WorkoutActivityController.swift in Sources */ = {isa = PBXBuildFile; fileRef = C0000000000000000000003A /* WorkoutActivityController.swift */; };
		B00000000000000000000038 /* WorkoutLifecycleTests.swift in Sources */ = {isa = PBXBuildFile; fileRef = C0000000000000000000003B /* WorkoutLifecycleTests.swift */; };
		B00000000000000000000039 /* ExerciseCatalogModels.swift in Sources */ = {isa = PBXBuildFile; fileRef = C0000000000000000000003C /* ExerciseCatalogModels.swift */; };
		B0000000000000000000003A /* ExerciseCatalog.swift in Sources */ = {isa = PBXBuildFile; fileRef = C0000000000000000000003D /* ExerciseCatalog.swift */; };
		B0000000000000000000003B /* ExerciseReplacementEngine.swift in Sources */ = {isa = PBXBuildFile; fileRef = C0000000000000000000003E /* ExerciseReplacementEngine.swift */; };
		B0000000000000000000003C /* ExerciseReplacementEngineTests.swift in Sources */ = {isa = PBXBuildFile; fileRef = C0000000000000000000003F /* ExerciseReplacementEngineTests.swift */; };
		B0000000000000000000003D /* PlanEditingEngine.swift in Sources */ = {isa = PBXBuildFile; fileRef = C00000000000000000000040 /* PlanEditingEngine.swift */; };
		B0000000000000000000003E /* PlanEditingEngineTests.swift in Sources */ = {isa = PBXBuildFile; fileRef = C00000000000000000000041 /* PlanEditingEngineTests.swift */; };
		B0000000000000000000003F /* PlanEditorView.swift in Sources */ = {isa = PBXBuildFile; fileRef = C00000000000000000000042 /* PlanEditorView.swift */; };
		B00000000000000000000040 /* ExerciseReplacementView.swift in Sources */ = {isa = PBXBuildFile; fileRef = C00000000000000000000043 /* ExerciseReplacementView.swift */; };
		B00000000000000000000041 /* DailyHealthSnapshot.swift in Sources */ = {isa = PBXBuildFile; fileRef = C00000000000000000000044 /* DailyHealthSnapshot.swift */; };
		B00000000000000000000042 /* DailyHealthSnapshotReducer.swift in Sources */ = {isa = PBXBuildFile; fileRef = C00000000000000000000045 /* DailyHealthSnapshotReducer.swift */; };
		B00000000000000000000043 /* DailyHealthSnapshotReducerTests.swift in Sources */ = {isa = PBXBuildFile; fileRef = C00000000000000000000046 /* DailyHealthSnapshotReducerTests.swift */; };
		B00000000000000000000044 /* HealthDataSyncCoordinator.swift in Sources */ = {isa = PBXBuildFile; fileRef = C00000000000000000000047 /* HealthDataSyncCoordinator.swift */; };
/* End PBXBuildFile section */

/* Begin PBXContainerItemProxy section */
		A80000000000000000000001 /* PBXContainerItemProxy */ = {
			isa = PBXContainerItemProxy;
			containerPortal = G00000000000000000000001 /* Project object */;
			proxyType = 1;
			remoteGlobalIDString = A50000000000000000000001;
			remoteInfo = FitTuneWatch;
		};
		A80000000000000000000003 /* PBXContainerItemProxy */ = {
			isa = PBXContainerItemProxy;
			containerPortal = G00000000000000000000001 /* Project object */;
			proxyType = 1;
			remoteGlobalIDString = A50000000000000000000002;
			remoteInfo = FitTuneWidgets;
		};
		H00000000000000000000002 /* PBXContainerItemProxy */ = {
			isa = PBXContainerItemProxy;
			containerPortal = G00000000000000000000001 /* Project object */;
			proxyType = 1;
			remoteGlobalIDString = F00000000000000000000001;
			remoteInfo = FitTune;
		};
/* End PBXContainerItemProxy section */

/* Begin PBXCopyFilesBuildPhase section */
		A40000000000000000000008 /* Embed App Extensions */ = {
			isa = PBXCopyFilesBuildPhase;
			buildActionMask = 2147483647;
			dstPath = "";
			dstSubfolderSpec = 13;
			files = (
				A10000000000000000000008 /* FitTuneWidgets.appex in Embed App Extensions */,
			);
			name = "Embed App Extensions";
			runOnlyForDeploymentPostprocessing = 0;
		};
		A40000000000000000000004 /* Embed Watch Content */ = {
			isa = PBXCopyFilesBuildPhase;
			buildActionMask = 2147483647;
			dstPath = "$(CONTENTS_FOLDER_PATH)/Watch";
			dstSubfolderSpec = 16;
			files = (
				A10000000000000000000004 /* FitTuneWatch.app in Embed Watch Content */,
			);
			name = "Embed Watch Content";
			runOnlyForDeploymentPostprocessing = 0;
		};
/* End PBXCopyFilesBuildPhase section */

/* Begin PBXFileReference section */
		A20000000000000000000001 /* FitTuneWatchApp.swift */ = {isa = PBXFileReference; lastKnownFileType = sourcecode.swift; path = FitTuneWatchApp.swift; sourceTree = "<group>"; };
		A20000000000000000000002 /* WatchWorkoutView.swift */ = {isa = PBXFileReference; lastKnownFileType = sourcecode.swift; path = WatchWorkoutView.swift; sourceTree = "<group>"; };
		A20000000000000000000003 /* WatchWorkoutSessionManager.swift */ = {isa = PBXFileReference; lastKnownFileType = sourcecode.swift; path = WatchWorkoutSessionManager.swift; sourceTree = "<group>"; };
		A20000000000000000000004 /* Info.plist */ = {isa = PBXFileReference; lastKnownFileType = text.plist.xml; path = Info.plist; sourceTree = "<group>"; };
		A20000000000000000000005 /* FitTuneWatch.entitlements */ = {isa = PBXFileReference; lastKnownFileType = text.plist.entitlements; path = FitTuneWatch.entitlements; sourceTree = "<group>"; };
		A20000000000000000000006 /* FitTuneWatch.app */ = {isa = PBXFileReference; explicitFileType = wrapper.application; includeInIndex = 0; path = FitTuneWatch.app; sourceTree = BUILT_PRODUCTS_DIR; };
		A20000000000000000000007 /* FitTuneWidgetsBundle.swift */ = {isa = PBXFileReference; lastKnownFileType = sourcecode.swift; path = FitTuneWidgetsBundle.swift; sourceTree = "<group>"; };
		A20000000000000000000008 /* WorkoutLiveActivityWidget.swift */ = {isa = PBXFileReference; lastKnownFileType = sourcecode.swift; path = WorkoutLiveActivityWidget.swift; sourceTree = "<group>"; };
		A20000000000000000000009 /* Info.plist */ = {isa = PBXFileReference; lastKnownFileType = text.plist.xml; path = Info.plist; sourceTree = "<group>"; };
		A2000000000000000000000A /* FitTuneWidgets.appex */ = {isa = PBXFileReference; explicitFileType = "wrapper.app-extension"; includeInIndex = 0; path = FitTuneWidgets.appex; sourceTree = BUILT_PRODUCTS_DIR; };
		C00000000000000000000001 /* FitTuneApp.swift */ = {isa = PBXFileReference; lastKnownFileType = sourcecode.swift; path = FitTuneApp.swift; sourceTree = "<group>"; };
		C00000000000000000000002 /* DomainModels.swift */ = {isa = PBXFileReference; lastKnownFileType = sourcecode.swift; path = DomainModels.swift; sourceTree = "<group>"; };
		C00000000000000000000003 /* TrainingEngine.swift */ = {isa = PBXFileReference; lastKnownFileType = sourcecode.swift; path = TrainingEngine.swift; sourceTree = "<group>"; };
		C00000000000000000000004 /* AppStore.swift */ = {isa = PBXFileReference; lastKnownFileType = sourcecode.swift; path = AppStore.swift; sourceTree = "<group>"; };
		C00000000000000000000005 /* HealthKitService.swift */ = {isa = PBXFileReference; lastKnownFileType = sourcecode.swift; path = HealthKitService.swift; sourceTree = "<group>"; };
		C00000000000000000000006 /* DesignSystem.swift */ = {isa = PBXFileReference; lastKnownFileType = sourcecode.swift; path = DesignSystem.swift; sourceTree = "<group>"; };
		C00000000000000000000007 /* RootView.swift */ = {isa = PBXFileReference; lastKnownFileType = sourcecode.swift; path = RootView.swift; sourceTree = "<group>"; };
		C00000000000000000000008 /* OnboardingView.swift */ = {isa = PBXFileReference; lastKnownFileType = sourcecode.swift; path = OnboardingView.swift; sourceTree = "<group>"; };
		C00000000000000000000009 /* TodayView.swift */ = {isa = PBXFileReference; lastKnownFileType = sourcecode.swift; path = TodayView.swift; sourceTree = "<group>"; };
		C0000000000000000000000A /* WorkoutSessionView.swift */ = {isa = PBXFileReference; lastKnownFileType = sourcecode.swift; path = WorkoutSessionView.swift; sourceTree = "<group>"; };
		C0000000000000000000000B /* PlanView.swift */ = {isa = PBXFileReference; lastKnownFileType = sourcecode.swift; path = PlanView.swift; sourceTree = "<group>"; };
		C0000000000000000000000C /* InsightsView.swift */ = {isa = PBXFileReference; lastKnownFileType = sourcecode.swift; path = InsightsView.swift; sourceTree = "<group>"; };
		C0000000000000000000000D /* ProfileView.swift */ = {isa = PBXFileReference; lastKnownFileType = sourcecode.swift; path = ProfileView.swift; sourceTree = "<group>"; };
		C0000000000000000000000E /* TrainingEngineTests.swift */ = {isa = PBXFileReference; lastKnownFileType = sourcecode.swift; path = TrainingEngineTests.swift; sourceTree = "<group>"; };
		C0000000000000000000000F /* PrivacyInfo.xcprivacy */ = {isa = PBXFileReference; lastKnownFileType = text.xml; path = PrivacyInfo.xcprivacy; sourceTree = "<group>"; };
		C00000000000000000000010 /* HealthKit.framework */ = {isa = PBXFileReference; lastKnownFileType = wrapper.framework; name = HealthKit.framework; path = System/Library/Frameworks/HealthKit.framework; sourceTree = SDKROOT; };
		C00000000000000000000011 /* Charts.framework */ = {isa = PBXFileReference; lastKnownFileType = wrapper.framework; name = Charts.framework; path = System/Library/Frameworks/Charts.framework; sourceTree = SDKROOT; };
		C00000000000000000000012 /* FitTune.entitlements */ = {isa = PBXFileReference; lastKnownFileType = text.plist.entitlements; path = FitTune.entitlements; sourceTree = "<group>"; };
		C00000000000000000000013 /* FitTune.app */ = {isa = PBXFileReference; explicitFileType = wrapper.application; includeInIndex = 0; path = FitTune.app; sourceTree = BUILT_PRODUCTS_DIR; };
		C00000000000000000000014 /* FitTuneTests.xctest */ = {isa = PBXFileReference; explicitFileType = wrapper.cfbundle; includeInIndex = 0; path = FitTuneTests.xctest; sourceTree = BUILT_PRODUCTS_DIR; };
		C00000000000000000000015 /* AppStoreTests.swift */ = {isa = PBXFileReference; lastKnownFileType = sourcecode.swift; path = AppStoreTests.swift; sourceTree = "<group>"; };
		C00000000000000000000016 /* WorkoutModels.swift */ = {isa = PBXFileReference; lastKnownFileType = sourcecode.swift; path = WorkoutModels.swift; sourceTree = "<group>"; };
		C00000000000000000000017 /* HealthMetricModels.swift */ = {isa = PBXFileReference; lastKnownFileType = sourcecode.swift; path = HealthMetricModels.swift; sourceTree = "<group>"; };
		C00000000000000000000018 /* ExerciseLibraryView.swift */ = {isa = PBXFileReference; lastKnownFileType = sourcecode.swift; path = ExerciseLibraryView.swift; sourceTree = "<group>"; };
		C00000000000000000000019 /* CustomExerciseEditorView.swift */ = {isa = PBXFileReference; lastKnownFileType = sourcecode.swift; path = CustomExerciseEditorView.swift; sourceTree = "<group>"; };
		C0000000000000000000001A /* RecoveryEngine.swift */ = {isa = PBXFileReference; lastKnownFileType = sourcecode.swift; path = RecoveryEngine.swift; sourceTree = "<group>"; };
		C0000000000000000000001B /* RecoveryEngineTests.swift */ = {isa = PBXFileReference; lastKnownFileType = sourcecode.swift; path = RecoveryEngineTests.swift; sourceTree = "<group>"; };
		C0000000000000000000001C /* HealthImportModels.swift */ = {isa = PBXFileReference; lastKnownFileType = sourcecode.swift; path = HealthImportModels.swift; sourceTree = "<group>"; };
		C0000000000000000000001D /* HealthImportMergeTests.swift */ = {isa = PBXFileReference; lastKnownFileType = sourcecode.swift; path = HealthImportMergeTests.swift; sourceTree = "<group>"; };
		C0000000000000000000001E /* LiveSensorSource.swift */ = {isa = PBXFileReference; lastKnownFileType = sourcecode.swift; path = LiveSensorSource.swift; sourceTree = "<group>"; };
		C0000000000000000000001F /* LiveSensorCoordinator.swift */ = {isa = PBXFileReference; lastKnownFileType = sourcecode.swift; path = LiveSensorCoordinator.swift; sourceTree = "<group>"; };
		C00000000000000000000020 /* BluetoothHeartRateSource.swift */ = {isa = PBXFileReference; lastKnownFileType = sourcecode.swift; path = BluetoothHeartRateSource.swift; sourceTree = "<group>"; };
		C00000000000000000000021 /* LiveSensorCoordinatorTests.swift */ = {isa = PBXFileReference; lastKnownFileType = sourcecode.swift; path = LiveSensorCoordinatorTests.swift; sourceTree = "<group>"; };
		C00000000000000000000022 /* BluetoothHeartRateParserTests.swift */ = {isa = PBXFileReference; lastKnownFileType = sourcecode.swift; path = BluetoothHeartRateParserTests.swift; sourceTree = "<group>"; };
		C00000000000000000000023 /* DeviceCenterView.swift */ = {isa = PBXFileReference; lastKnownFileType = sourcecode.swift; path = DeviceCenterView.swift; sourceTree = "<group>"; };
		C00000000000000000000024 /* LiveAdaptationEngine.swift */ = {isa = PBXFileReference; lastKnownFileType = sourcecode.swift; path = LiveAdaptationEngine.swift; sourceTree = "<group>"; };
		C00000000000000000000025 /* LiveAdaptationEngineTests.swift */ = {isa = PBXFileReference; lastKnownFileType = sourcecode.swift; path = LiveAdaptationEngineTests.swift; sourceTree = "<group>"; };
		C00000000000000000000026 /* CardioSessionTests.swift */ = {isa = PBXFileReference; lastKnownFileType = sourcecode.swift; path = CardioSessionTests.swift; sourceTree = "<group>"; };
		C00000000000000000000027 /* MotionLocationSource.swift */ = {isa = PBXFileReference; lastKnownFileType = sourcecode.swift; path = MotionLocationSource.swift; sourceTree = "<group>"; };
		C00000000000000000000028 /* CardioSessionView.swift */ = {isa = PBXFileReference; lastKnownFileType = sourcecode.swift; path = CardioSessionView.swift; sourceTree = "<group>"; };
		C00000000000000000000029 /* SummaryEngine.swift */ = {isa = PBXFileReference; lastKnownFileType = sourcecode.swift; path = SummaryEngine.swift; sourceTree = "<group>"; };
		C0000000000000000000002A /* SummaryEngineTests.swift */ = {isa = PBXFileReference; lastKnownFileType = sourcecode.swift; path = SummaryEngineTests.swift; sourceTree = "<group>"; };
		C0000000000000000000002B /* WorkoutSummaryView.swift */ = {isa = PBXFileReference; lastKnownFileType = sourcecode.swift; path = WorkoutSummaryView.swift; sourceTree = "<group>"; };
		C0000000000000000000002C /* HistoryDetailView.swift */ = {isa = PBXFileReference; lastKnownFileType = sourcecode.swift; path = HistoryDetailView.swift; sourceTree = "<group>"; };
		C0000000000000000000002D /* TrendEngine.swift */ = {isa = PBXFileReference; lastKnownFileType = sourcecode.swift; path = TrendEngine.swift; sourceTree = "<group>"; };
		C0000000000000000000002E /* TrendEngineTests.swift */ = {isa = PBXFileReference; lastKnownFileType = sourcecode.swift; path = TrendEngineTests.swift; sourceTree = "<group>"; };
		C0000000000000000000002F /* EnergyEngine.swift */ = {isa = PBXFileReference; lastKnownFileType = sourcecode.swift; path = EnergyEngine.swift; sourceTree = "<group>"; };
		C00000000000000000000030 /* EnergyEngineTests.swift */ = {isa = PBXFileReference; lastKnownFileType = sourcecode.swift; path = EnergyEngineTests.swift; sourceTree = "<group>"; };
		C00000000000000000000031 /* DataExportService.swift */ = {isa = PBXFileReference; lastKnownFileType = sourcecode.swift; path = DataExportService.swift; sourceTree = "<group>"; };
		C00000000000000000000032 /* DataExportServiceTests.swift */ = {isa = PBXFileReference; lastKnownFileType = sourcecode.swift; path = DataExportServiceTests.swift; sourceTree = "<group>"; };
		C00000000000000000000033 /* AlgorithmInfoView.swift */ = {isa = PBXFileReference; lastKnownFileType = sourcecode.swift; path = AlgorithmInfoView.swift; sourceTree = "<group>"; };
		C00000000000000000000034 /* SafetySettingsView.swift */ = {isa = PBXFileReference; lastKnownFileType = sourcecode.swift; path = SafetySettingsView.swift; sourceTree = "<group>"; };
		C00000000000000000000035 /* WatchMetricMerge.swift */ = {isa = PBXFileReference; lastKnownFileType = sourcecode.swift; path = WatchMetricMerge.swift; sourceTree = "<group>"; };
		C00000000000000000000036 /* WatchWorkoutBridge.swift */ = {isa = PBXFileReference; lastKnownFileType = sourcecode.swift; path = WatchWorkoutBridge.swift; sourceTree = "<group>"; };
		C00000000000000000000037 /* WatchMetricMergeTests.swift */ = {isa = PBXFileReference; lastKnownFileType = sourcecode.swift; path = WatchMetricMergeTests.swift; sourceTree = "<group>"; };
		C00000000000000000000038 /* WorkoutActivitySnapshot.swift */ = {isa = PBXFileReference; lastKnownFileType = sourcecode.swift; path = WorkoutActivitySnapshot.swift; sourceTree = "<group>"; };
		C00000000000000000000039 /* WorkoutActivityAttributes.swift */ = {isa = PBXFileReference; lastKnownFileType = sourcecode.swift; path = WorkoutActivityAttributes.swift; sourceTree = "<group>"; };
		C0000000000000000000003A /* WorkoutActivityController.swift */ = {isa = PBXFileReference; lastKnownFileType = sourcecode.swift; path = WorkoutActivityController.swift; sourceTree = "<group>"; };
		C0000000000000000000003B /* WorkoutLifecycleTests.swift */ = {isa = PBXFileReference; lastKnownFileType = sourcecode.swift; path = WorkoutLifecycleTests.swift; sourceTree = "<group>"; };
		C0000000000000000000003C /* ExerciseCatalogModels.swift */ = {isa = PBXFileReference; lastKnownFileType = sourcecode.swift; path = ExerciseCatalogModels.swift; sourceTree = "<group>"; };
		C0000000000000000000003D /* ExerciseCatalog.swift */ = {isa = PBXFileReference; lastKnownFileType = sourcecode.swift; path = ExerciseCatalog.swift; sourceTree = "<group>"; };
		C0000000000000000000003E /* ExerciseReplacementEngine.swift */ = {isa = PBXFileReference; lastKnownFileType = sourcecode.swift; path = ExerciseReplacementEngine.swift; sourceTree = "<group>"; };
		C0000000000000000000003F /* ExerciseReplacementEngineTests.swift */ = {isa = PBXFileReference; lastKnownFileType = sourcecode.swift; path = ExerciseReplacementEngineTests.swift; sourceTree = "<group>"; };
		C00000000000000000000040 /* PlanEditingEngine.swift */ = {isa = PBXFileReference; lastKnownFileType = sourcecode.swift; path = PlanEditingEngine.swift; sourceTree = "<group>"; };
		C00000000000000000000041 /* PlanEditingEngineTests.swift */ = {isa = PBXFileReference; lastKnownFileType = sourcecode.swift; path = PlanEditingEngineTests.swift; sourceTree = "<group>"; };
		C00000000000000000000042 /* PlanEditorView.swift */ = {isa = PBXFileReference; lastKnownFileType = sourcecode.swift; path = PlanEditorView.swift; sourceTree = "<group>"; };
		C00000000000000000000043 /* ExerciseReplacementView.swift */ = {isa = PBXFileReference; lastKnownFileType = sourcecode.swift; path = ExerciseReplacementView.swift; sourceTree = "<group>"; };
		C00000000000000000000044 /* DailyHealthSnapshot.swift */ = {isa = PBXFileReference; lastKnownFileType = sourcecode.swift; path = DailyHealthSnapshot.swift; sourceTree = "<group>"; };
		C00000000000000000000045 /* DailyHealthSnapshotReducer.swift */ = {isa = PBXFileReference; lastKnownFileType = sourcecode.swift; path = DailyHealthSnapshotReducer.swift; sourceTree = "<group>"; };
		C00000000000000000000046 /* DailyHealthSnapshotReducerTests.swift */ = {isa = PBXFileReference; lastKnownFileType = sourcecode.swift; path = DailyHealthSnapshotReducerTests.swift; sourceTree = "<group>"; };
		C00000000000000000000047 /* HealthDataSyncCoordinator.swift */ = {isa = PBXFileReference; lastKnownFileType = sourcecode.swift; path = HealthDataSyncCoordinator.swift; sourceTree = "<group>"; };
/* End PBXFileReference section */

/* Begin PBXFrameworksBuildPhase section */
		A40000000000000000000006 /* Frameworks */ = {
			isa = PBXFrameworksBuildPhase;
			buildActionMask = 2147483647;
			files = (
			);
			runOnlyForDeploymentPostprocessing = 0;
		};
		A40000000000000000000002 /* Frameworks */ = {
			isa = PBXFrameworksBuildPhase;
			buildActionMask = 2147483647;
			files = (
			);
			runOnlyForDeploymentPostprocessing = 0;
		};
		E00000000000000000000002 /* Frameworks */ = {
			isa = PBXFrameworksBuildPhase;
			buildActionMask = 2147483647;
			files = (
				B00000000000000000000010 /* HealthKit.framework in Frameworks */,
				B00000000000000000000011 /* Charts.framework in Frameworks */,
			);
			runOnlyForDeploymentPostprocessing = 0;
		};
		E00000000000000000000005 /* Frameworks */ = {
			isa = PBXFrameworksBuildPhase;
			buildActionMask = 2147483647;
			files = (
			);
			runOnlyForDeploymentPostprocessing = 0;
		};
/* End PBXFrameworksBuildPhase section */

/* Begin PBXGroup section */
		D00000000000000000000001 = {
			isa = PBXGroup;
			children = (
				D00000000000000000000100 /* FitTune */,
				A30000000000000000000001 /* FitTuneWatch */,
				A30000000000000000000002 /* FitTuneWidgets */,
				D00000000000000000000009 /* FitTuneTests */,
				D0000000000000000000000B /* Frameworks */,
				D0000000000000000000000A /* Products */,
			);
			sourceTree = "<group>";
		};
		D00000000000000000000002 /* App */ = {
			isa = PBXGroup;
			children = (
				C00000000000000000000001 /* FitTuneApp.swift */,
			);
			path = App;
			sourceTree = "<group>";
		};
		D00000000000000000000003 /* Models */ = {
			isa = PBXGroup;
			children = (
				C00000000000000000000002 /* DomainModels.swift */,
				C0000000000000000000003C /* ExerciseCatalogModels.swift */,
				C00000000000000000000044 /* DailyHealthSnapshot.swift */,
				C00000000000000000000016 /* WorkoutModels.swift */,
				C00000000000000000000017 /* HealthMetricModels.swift */,
				C00000000000000000000039 /* WorkoutActivityAttributes.swift */,
			);
			path = Models;
			sourceTree = "<group>";
		};
		D00000000000000000000004 /* Engine */ = {
			isa = PBXGroup;
			children = (
				C00000000000000000000003 /* TrainingEngine.swift */,
				C0000000000000000000003D /* ExerciseCatalog.swift */,
				C0000000000000000000003E /* ExerciseReplacementEngine.swift */,
				C00000000000000000000040 /* PlanEditingEngine.swift */,
				C00000000000000000000045 /* DailyHealthSnapshotReducer.swift */,
				C0000000000000000000001A /* RecoveryEngine.swift */,
				C00000000000000000000024 /* LiveAdaptationEngine.swift */,
				C00000000000000000000029 /* SummaryEngine.swift */,
				C0000000000000000000002D /* TrendEngine.swift */,
				C0000000000000000000002F /* EnergyEngine.swift */,
				C00000000000000000000038 /* WorkoutActivitySnapshot.swift */,
			);
			path = Engine;
			sourceTree = "<group>";
		};
		D00000000000000000000005 /* Store */ = {
			isa = PBXGroup;
			children = (
				C00000000000000000000004 /* AppStore.swift */,
			);
			path = Store;
			sourceTree = "<group>";
		};
		D00000000000000000000006 /* Services */ = {
			isa = PBXGroup;
			children = (
				C00000000000000000000005 /* HealthKitService.swift */,
				C00000000000000000000047 /* HealthDataSyncCoordinator.swift */,
				C0000000000000000000001C /* HealthImportModels.swift */,
				C0000000000000000000001E /* LiveSensorSource.swift */,
				C0000000000000000000001F /* LiveSensorCoordinator.swift */,
				C00000000000000000000020 /* BluetoothHeartRateSource.swift */,
				C00000000000000000000027 /* MotionLocationSource.swift */,
				C00000000000000000000031 /* DataExportService.swift */,
				C00000000000000000000035 /* WatchMetricMerge.swift */,
				C00000000000000000000036 /* WatchWorkoutBridge.swift */,
				C0000000000000000000003A /* WorkoutActivityController.swift */,
			);
			path = Services;
			sourceTree = "<group>";
		};
		D00000000000000000000007 /* Views */ = {
			isa = PBXGroup;
			children = (
				C00000000000000000000006 /* DesignSystem.swift */,
				C00000000000000000000007 /* RootView.swift */,
				C00000000000000000000008 /* OnboardingView.swift */,
				C00000000000000000000009 /* TodayView.swift */,
				C0000000000000000000000A /* WorkoutSessionView.swift */,
				C0000000000000000000000B /* PlanView.swift */,
				C00000000000000000000042 /* PlanEditorView.swift */,
				C00000000000000000000043 /* ExerciseReplacementView.swift */,
				C0000000000000000000000C /* InsightsView.swift */,
				C0000000000000000000000D /* ProfileView.swift */,
				C00000000000000000000018 /* ExerciseLibraryView.swift */,
				C00000000000000000000019 /* CustomExerciseEditorView.swift */,
				C00000000000000000000023 /* DeviceCenterView.swift */,
				C00000000000000000000028 /* CardioSessionView.swift */,
				C0000000000000000000002B /* WorkoutSummaryView.swift */,
				C0000000000000000000002C /* HistoryDetailView.swift */,
				C00000000000000000000033 /* AlgorithmInfoView.swift */,
				C00000000000000000000034 /* SafetySettingsView.swift */,
			);
			path = Views;
			sourceTree = "<group>";
		};
		D00000000000000000000008 /* Resources */ = {
			isa = PBXGroup;
			children = (
				C00000000000000000000012 /* FitTune.entitlements */,
				C0000000000000000000000F /* PrivacyInfo.xcprivacy */,
			);
			path = Resources;
			sourceTree = "<group>";
		};
		D00000000000000000000009 /* FitTuneTests */ = {
			isa = PBXGroup;
			children = (
				C0000000000000000000000E /* TrainingEngineTests.swift */,
				C00000000000000000000015 /* AppStoreTests.swift */,
				C0000000000000000000001B /* RecoveryEngineTests.swift */,
				C0000000000000000000001D /* HealthImportMergeTests.swift */,
				C00000000000000000000021 /* LiveSensorCoordinatorTests.swift */,
				C00000000000000000000022 /* BluetoothHeartRateParserTests.swift */,
				C00000000000000000000025 /* LiveAdaptationEngineTests.swift */,
				C00000000000000000000026 /* CardioSessionTests.swift */,
				C0000000000000000000002A /* SummaryEngineTests.swift */,
				C0000000000000000000002E /* TrendEngineTests.swift */,
				C00000000000000000000030 /* EnergyEngineTests.swift */,
				C00000000000000000000032 /* DataExportServiceTests.swift */,
				C00000000000000000000037 /* WatchMetricMergeTests.swift */,
				C0000000000000000000003B /* WorkoutLifecycleTests.swift */,
				C0000000000000000000003F /* ExerciseReplacementEngineTests.swift */,
				C00000000000000000000041 /* PlanEditingEngineTests.swift */,
				C00000000000000000000046 /* DailyHealthSnapshotReducerTests.swift */,
			);
			path = FitTuneTests;
			sourceTree = "<group>";
		};
		D0000000000000000000000A /* Products */ = {
			isa = PBXGroup;
			children = (
				C00000000000000000000013 /* FitTune.app */,
				C00000000000000000000014 /* FitTuneTests.xctest */,
				A20000000000000000000006 /* FitTuneWatch.app */,
				A2000000000000000000000A /* FitTuneWidgets.appex */,
			);
			name = Products;
			sourceTree = "<group>";
		};
		D0000000000000000000000B /* Frameworks */ = {
			isa = PBXGroup;
			children = (
				C00000000000000000000010 /* HealthKit.framework */,
				C00000000000000000000011 /* Charts.framework */,
			);
			name = Frameworks;
			sourceTree = "<group>";
		};
		D00000000000000000000100 /* FitTune */ = {
			isa = PBXGroup;
			children = (
				D00000000000000000000002 /* App */,
				D00000000000000000000003 /* Models */,
				D00000000000000000000004 /* Engine */,
				D00000000000000000000005 /* Store */,
				D00000000000000000000006 /* Services */,
				D00000000000000000000007 /* Views */,
				D00000000000000000000008 /* Resources */,
			);
			path = FitTune;
			sourceTree = "<group>";
		};
		A30000000000000000000001 /* FitTuneWatch */ = {
			isa = PBXGroup;
			children = (
				A20000000000000000000001 /* FitTuneWatchApp.swift */,
				A20000000000000000000002 /* WatchWorkoutView.swift */,
				A20000000000000000000003 /* WatchWorkoutSessionManager.swift */,
				A20000000000000000000004 /* Info.plist */,
				A20000000000000000000005 /* FitTuneWatch.entitlements */,
			);
			path = FitTuneWatch;
			sourceTree = "<group>";
		};
		A30000000000000000000002 /* FitTuneWidgets */ = {
			isa = PBXGroup;
			children = (
				A20000000000000000000007 /* FitTuneWidgetsBundle.swift */,
				A20000000000000000000008 /* WorkoutLiveActivityWidget.swift */,
				A20000000000000000000009 /* Info.plist */,
			);
			path = FitTuneWidgets;
			sourceTree = "<group>";
		};
/* End PBXGroup section */

/* Begin PBXNativeTarget section */
		F00000000000000000000001 /* FitTune */ = {
			isa = PBXNativeTarget;
			buildConfigurationList = J00000000000000000000002 /* Build configuration list for PBXNativeTarget "FitTune" */;
			buildPhases = (
				E00000000000000000000001 /* Sources */,
				E00000000000000000000002 /* Frameworks */,
				E00000000000000000000003 /* Resources */,
				A40000000000000000000008 /* Embed App Extensions */,
			);
			buildRules = (
			);
			dependencies = (
				A80000000000000000000004 /* PBXTargetDependency */,
			);
			name = FitTune;
			productName = FitTune;
			productReference = C00000000000000000000013 /* FitTune.app */;
			productType = "com.apple.product-type.application";
		};
		F00000000000000000000002 /* FitTuneTests */ = {
			isa = PBXNativeTarget;
			buildConfigurationList = J00000000000000000000003 /* Build configuration list for PBXNativeTarget "FitTuneTests" */;
			buildPhases = (
				E00000000000000000000004 /* Sources */,
				E00000000000000000000005 /* Frameworks */,
				E00000000000000000000006 /* Resources */,
			);
			buildRules = (
			);
			dependencies = (
				H00000000000000000000001 /* PBXTargetDependency */,
			);
			name = FitTuneTests;
			productName = FitTuneTests;
			productReference = C00000000000000000000014 /* FitTuneTests.xctest */;
			productType = "com.apple.product-type.bundle.unit-test";
		};
		A50000000000000000000001 /* FitTuneWatch */ = {
			isa = PBXNativeTarget;
			buildConfigurationList = A70000000000000000000001 /* Build configuration list for PBXNativeTarget "FitTuneWatch" */;
			buildPhases = (
				A40000000000000000000001 /* Sources */,
				A40000000000000000000002 /* Frameworks */,
				A40000000000000000000003 /* Resources */,
			);
			buildRules = (
			);
			dependencies = (
			);
			name = FitTuneWatch;
			productName = FitTuneWatch;
			productReference = A20000000000000000000006 /* FitTuneWatch.app */;
			productType = "com.apple.product-type.application";
		};
		A50000000000000000000002 /* FitTuneWidgets */ = {
			isa = PBXNativeTarget;
			buildConfigurationList = A70000000000000000000002 /* Build configuration list for PBXNativeTarget "FitTuneWidgets" */;
			buildPhases = (
				A40000000000000000000005 /* Sources */,
				A40000000000000000000006 /* Frameworks */,
				A40000000000000000000007 /* Resources */,
			);
			buildRules = (
			);
			dependencies = (
			);
			name = FitTuneWidgets;
			productName = FitTuneWidgets;
			productReference = A2000000000000000000000A /* FitTuneWidgets.appex */;
			productType = "com.apple.product-type.app-extension";
		};
/* End PBXNativeTarget section */

/* Begin PBXProject section */
		G00000000000000000000001 /* Project object */ = {
			isa = PBXProject;
			attributes = {
				BuildIndependentTargetsInParallel = 1;
				LastSwiftUpdateCheck = 2600;
				LastUpgradeCheck = 2600;
				TargetAttributes = {
					F00000000000000000000001 = {
						CreatedOnToolsVersion = 26.0;
					};
					F00000000000000000000002 = {
						CreatedOnToolsVersion = 26.0;
						TestTargetID = F00000000000000000000001;
					};
					A50000000000000000000001 = {
						CreatedOnToolsVersion = 26.0;
					};
					A50000000000000000000002 = {
						CreatedOnToolsVersion = 26.0;
					};
				};
			};
			buildConfigurationList = J00000000000000000000001 /* Build configuration list for PBXProject "FitTune" */;
			compatibilityVersion = "Xcode 14.0";
			developmentRegion = "zh-Hans";
			hasScannedForEncodings = 0;
			knownRegions = (
				Base,
				"zh-Hans",
				en,
			);
			mainGroup = D00000000000000000000001;
			productRefGroup = D0000000000000000000000A /* Products */;
			projectDirPath = "";
			projectRoot = "";
			targets = (
				F00000000000000000000001 /* FitTune */,
				F00000000000000000000002 /* FitTuneTests */,
				A50000000000000000000001 /* FitTuneWatch */,
				A50000000000000000000002 /* FitTuneWidgets */,
			);
		};
/* End PBXProject section */

/* Begin PBXResourcesBuildPhase section */
		A40000000000000000000007 /* Resources */ = {
			isa = PBXResourcesBuildPhase;
			buildActionMask = 2147483647;
			files = (
			);
			runOnlyForDeploymentPostprocessing = 0;
		};
		A40000000000000000000003 /* Resources */ = {
			isa = PBXResourcesBuildPhase;
			buildActionMask = 2147483647;
			files = (
			);
			runOnlyForDeploymentPostprocessing = 0;
		};
		E00000000000000000000003 /* Resources */ = {
			isa = PBXResourcesBuildPhase;
			buildActionMask = 2147483647;
			files = (
				B0000000000000000000000F /* PrivacyInfo.xcprivacy in Resources */,
			);
			runOnlyForDeploymentPostprocessing = 0;
		};
		E00000000000000000000006 /* Resources */ = {
			isa = PBXResourcesBuildPhase;
			buildActionMask = 2147483647;
			files = (
			);
			runOnlyForDeploymentPostprocessing = 0;
		};
/* End PBXResourcesBuildPhase section */

/* Begin PBXSourcesBuildPhase section */
		A40000000000000000000005 /* Sources */ = {
			isa = PBXSourcesBuildPhase;
			buildActionMask = 2147483647;
			files = (
				A10000000000000000000005 /* FitTuneWidgetsBundle.swift in Sources */,
				A10000000000000000000006 /* WorkoutLiveActivityWidget.swift in Sources */,
				A10000000000000000000007 /* WorkoutActivityAttributes.swift in Sources */,
			);
			runOnlyForDeploymentPostprocessing = 0;
		};
		A40000000000000000000001 /* Sources */ = {
			isa = PBXSourcesBuildPhase;
			buildActionMask = 2147483647;
			files = (
				A10000000000000000000001 /* FitTuneWatchApp.swift in Sources */,
				A10000000000000000000002 /* WatchWorkoutView.swift in Sources */,
				A10000000000000000000003 /* WatchWorkoutSessionManager.swift in Sources */,
			);
			runOnlyForDeploymentPostprocessing = 0;
		};
		E00000000000000000000001 /* Sources */ = {
			isa = PBXSourcesBuildPhase;
			buildActionMask = 2147483647;
			files = (
				B00000000000000000000001 /* FitTuneApp.swift in Sources */,
				B00000000000000000000002 /* DomainModels.swift in Sources */,
				B00000000000000000000039 /* ExerciseCatalogModels.swift in Sources */,
				B00000000000000000000041 /* DailyHealthSnapshot.swift in Sources */,
				B00000000000000000000013 /* WorkoutModels.swift in Sources */,
				B00000000000000000000014 /* HealthMetricModels.swift in Sources */,
				B00000000000000000000003 /* TrainingEngine.swift in Sources */,
				B0000000000000000000003A /* ExerciseCatalog.swift in Sources */,
				B0000000000000000000003B /* ExerciseReplacementEngine.swift in Sources */,
				B0000000000000000000003D /* PlanEditingEngine.swift in Sources */,
				B00000000000000000000042 /* DailyHealthSnapshotReducer.swift in Sources */,
				B00000000000000000000017 /* RecoveryEngine.swift in Sources */,
				B00000000000000000000021 /* LiveAdaptationEngine.swift in Sources */,
				B00000000000000000000026 /* SummaryEngine.swift in Sources */,
				B0000000000000000000002A /* TrendEngine.swift in Sources */,
				B0000000000000000000002C /* EnergyEngine.swift in Sources */,
				B00000000000000000000035 /* WorkoutActivitySnapshot.swift in Sources */,
				B00000000000000000000036 /* WorkoutActivityAttributes.swift in Sources */,
				B00000000000000000000004 /* AppStore.swift in Sources */,
				B00000000000000000000005 /* HealthKitService.swift in Sources */,
				B00000000000000000000044 /* HealthDataSyncCoordinator.swift in Sources */,
				B00000000000000000000019 /* HealthImportModels.swift in Sources */,
				B0000000000000000000001B /* LiveSensorSource.swift in Sources */,
				B0000000000000000000001C /* LiveSensorCoordinator.swift in Sources */,
				B0000000000000000000001D /* BluetoothHeartRateSource.swift in Sources */,
				B00000000000000000000024 /* MotionLocationSource.swift in Sources */,
				B0000000000000000000002E /* DataExportService.swift in Sources */,
				B00000000000000000000032 /* WatchMetricMerge.swift in Sources */,
				B00000000000000000000033 /* WatchWorkoutBridge.swift in Sources */,
				B00000000000000000000037 /* WorkoutActivityController.swift in Sources */,
				B00000000000000000000006 /* DesignSystem.swift in Sources */,
				B00000000000000000000007 /* RootView.swift in Sources */,
				B00000000000000000000008 /* OnboardingView.swift in Sources */,
				B00000000000000000000009 /* TodayView.swift in Sources */,
				B0000000000000000000000A /* WorkoutSessionView.swift in Sources */,
				B0000000000000000000000B /* PlanView.swift in Sources */,
				B0000000000000000000003F /* PlanEditorView.swift in Sources */,
				B00000000000000000000040 /* ExerciseReplacementView.swift in Sources */,
				B0000000000000000000000C /* InsightsView.swift in Sources */,
				B0000000000000000000000D /* ProfileView.swift in Sources */,
				B00000000000000000000015 /* ExerciseLibraryView.swift in Sources */,
				B00000000000000000000016 /* CustomExerciseEditorView.swift in Sources */,
				B00000000000000000000020 /* DeviceCenterView.swift in Sources */,
				B00000000000000000000025 /* CardioSessionView.swift in Sources */,
				B00000000000000000000028 /* WorkoutSummaryView.swift in Sources */,
				B00000000000000000000029 /* HistoryDetailView.swift in Sources */,
				B00000000000000000000030 /* AlgorithmInfoView.swift in Sources */,
				B00000000000000000000031 /* SafetySettingsView.swift in Sources */,
			);
			runOnlyForDeploymentPostprocessing = 0;
		};
		E00000000000000000000004 /* Sources */ = {
			isa = PBXSourcesBuildPhase;
			buildActionMask = 2147483647;
			files = (
				B0000000000000000000000E /* TrainingEngineTests.swift in Sources */,
				B00000000000000000000012 /* AppStoreTests.swift in Sources */,
				B00000000000000000000018 /* RecoveryEngineTests.swift in Sources */,
				B0000000000000000000001A /* HealthImportMergeTests.swift in Sources */,
				B0000000000000000000001E /* LiveSensorCoordinatorTests.swift in Sources */,
				B0000000000000000000001F /* BluetoothHeartRateParserTests.swift in Sources */,
				B00000000000000000000022 /* LiveAdaptationEngineTests.swift in Sources */,
				B00000000000000000000023 /* CardioSessionTests.swift in Sources */,
				B00000000000000000000027 /* SummaryEngineTests.swift in Sources */,
				B0000000000000000000002B /* TrendEngineTests.swift in Sources */,
				B0000000000000000000002D /* EnergyEngineTests.swift in Sources */,
				B0000000000000000000002F /* DataExportServiceTests.swift in Sources */,
				B00000000000000000000034 /* WatchMetricMergeTests.swift in Sources */,
				B00000000000000000000038 /* WorkoutLifecycleTests.swift in Sources */,
				B0000000000000000000003C /* ExerciseReplacementEngineTests.swift in Sources */,
				B0000000000000000000003E /* PlanEditingEngineTests.swift in Sources */,
				B00000000000000000000043 /* DailyHealthSnapshotReducerTests.swift in Sources */,
			);
			runOnlyForDeploymentPostprocessing = 0;
		};
/* End PBXSourcesBuildPhase section */

/* Begin PBXTargetDependency section */
		A80000000000000000000004 /* PBXTargetDependency */ = {
			isa = PBXTargetDependency;
			target = A50000000000000000000002 /* FitTuneWidgets */;
			targetProxy = A80000000000000000000003 /* PBXContainerItemProxy */;
		};
		A80000000000000000000002 /* PBXTargetDependency */ = {
			isa = PBXTargetDependency;
			target = A50000000000000000000001 /* FitTuneWatch */;
			targetProxy = A80000000000000000000001 /* PBXContainerItemProxy */;
		};
		H00000000000000000000001 /* PBXTargetDependency */ = {
			isa = PBXTargetDependency;
			target = F00000000000000000000001 /* FitTune */;
			targetProxy = H00000000000000000000002 /* PBXContainerItemProxy */;
		};
/* End PBXTargetDependency section */

/* Begin XCBuildConfiguration section */
		A60000000000000000000003 /* Debug */ = {
			isa = XCBuildConfiguration;
			buildSettings = {
				APPLICATION_EXTENSION_API_ONLY = YES;
				CODE_SIGN_STYLE = Automatic;
				CURRENT_PROJECT_VERSION = 11;
				DEVELOPMENT_TEAM = PWP85U27MD;
				GENERATE_INFOPLIST_FILE = NO;
				INFOPLIST_FILE = FitTuneWidgets/Info.plist;
				IPHONEOS_DEPLOYMENT_TARGET = 17.0;
				LD_RUNPATH_SEARCH_PATHS = "$(inherited) @executable_path/Frameworks @executable_path/../../Frameworks";
				MARKETING_VERSION = 1.1.0;
				PRODUCT_BUNDLE_IDENTIFIER = com.codex.fittune.widgets;
				PRODUCT_NAME = "$(TARGET_NAME)";
				SDKROOT = iphoneos;
				SKIP_INSTALL = YES;
				SUPPORTED_PLATFORMS = "iphoneos iphonesimulator";
				SWIFT_VERSION = 5.0;
				TARGETED_DEVICE_FAMILY = "1,2";
			};
			name = Debug;
		};
		A60000000000000000000004 /* Release */ = {
			isa = XCBuildConfiguration;
			buildSettings = {
				APPLICATION_EXTENSION_API_ONLY = YES;
				CODE_SIGN_STYLE = Automatic;
				CURRENT_PROJECT_VERSION = 11;
				DEVELOPMENT_TEAM = PWP85U27MD;
				GENERATE_INFOPLIST_FILE = NO;
				INFOPLIST_FILE = FitTuneWidgets/Info.plist;
				IPHONEOS_DEPLOYMENT_TARGET = 17.0;
				LD_RUNPATH_SEARCH_PATHS = "$(inherited) @executable_path/Frameworks @executable_path/../../Frameworks";
				MARKETING_VERSION = 1.1.0;
				PRODUCT_BUNDLE_IDENTIFIER = com.codex.fittune.widgets;
				PRODUCT_NAME = "$(TARGET_NAME)";
				SDKROOT = iphoneos;
				SKIP_INSTALL = YES;
				SUPPORTED_PLATFORMS = "iphoneos iphonesimulator";
				SWIFT_COMPILATION_MODE = wholemodule;
				SWIFT_VERSION = 5.0;
				TARGETED_DEVICE_FAMILY = "1,2";
			};
			name = Release;
		};
		A60000000000000000000001 /* Debug */ = {
			isa = XCBuildConfiguration;
			buildSettings = {
				CODE_SIGN_ENTITLEMENTS = FitTuneWatch/FitTuneWatch.entitlements;
				CODE_SIGN_STYLE = Automatic;
				CURRENT_PROJECT_VERSION = 11;
				DEVELOPMENT_TEAM = PWP85U27MD;
				ENABLE_PREVIEWS = YES;
				GENERATE_INFOPLIST_FILE = NO;
				INFOPLIST_FILE = FitTuneWatch/Info.plist;
				LD_RUNPATH_SEARCH_PATHS = "$(inherited) @executable_path/Frameworks";
				MARKETING_VERSION = 1.1.0;
				PRODUCT_BUNDLE_IDENTIFIER = com.codex.fittune.watchkitapp;
				PRODUCT_NAME = "$(TARGET_NAME)";
				SDKROOT = watchos;
				SKIP_INSTALL = YES;
				SUPPORTED_PLATFORMS = "watchos watchsimulator";
				SWIFT_VERSION = 5.0;
				TARGETED_DEVICE_FAMILY = 4;
				WATCHOS_DEPLOYMENT_TARGET = 10.0;
			};
			name = Debug;
		};
		A60000000000000000000002 /* Release */ = {
			isa = XCBuildConfiguration;
			buildSettings = {
				CODE_SIGN_ENTITLEMENTS = FitTuneWatch/FitTuneWatch.entitlements;
				CODE_SIGN_STYLE = Automatic;
				CURRENT_PROJECT_VERSION = 11;
				DEVELOPMENT_TEAM = PWP85U27MD;
				GENERATE_INFOPLIST_FILE = NO;
				INFOPLIST_FILE = FitTuneWatch/Info.plist;
				LD_RUNPATH_SEARCH_PATHS = "$(inherited) @executable_path/Frameworks";
				MARKETING_VERSION = 1.1.0;
				PRODUCT_BUNDLE_IDENTIFIER = com.codex.fittune.watchkitapp;
				PRODUCT_NAME = "$(TARGET_NAME)";
				SDKROOT = watchos;
				SKIP_INSTALL = YES;
				SUPPORTED_PLATFORMS = "watchos watchsimulator";
				SWIFT_COMPILATION_MODE = wholemodule;
				SWIFT_VERSION = 5.0;
				TARGETED_DEVICE_FAMILY = 4;
				VALIDATE_PRODUCT = YES;
				WATCHOS_DEPLOYMENT_TARGET = 10.0;
			};
			name = Release;
		};
		I00000000000000000000001 /* Debug */ = {
			isa = XCBuildConfiguration;
			buildSettings = {
				ALWAYS_SEARCH_USER_PATHS = NO;
				CLANG_ENABLE_MODULES = YES;
				CLANG_ENABLE_OBJC_ARC = YES;
				COPY_PHASE_STRIP = NO;
				DEBUG_INFORMATION_FORMAT = dwarf;
				ENABLE_TESTABILITY = YES;
				GCC_C_LANGUAGE_STANDARD = gnu17;
				GCC_NO_COMMON_BLOCKS = YES;
				GCC_OPTIMIZATION_LEVEL = 0;
				GCC_PREPROCESSOR_DEFINITIONS = (
					"DEBUG=1",
					"$(inherited)",
				);
				IPHONEOS_DEPLOYMENT_TARGET = 17.0;
				MTL_ENABLE_DEBUG_INFO = INCLUDE_SOURCE;
				ONLY_ACTIVE_ARCH = YES;
				SDKROOT = iphoneos;
				SWIFT_ACTIVE_COMPILATION_CONDITIONS = "DEBUG $(inherited)";
				SWIFT_OPTIMIZATION_LEVEL = "-Onone";
			};
			name = Debug;
		};
		I00000000000000000000002 /* Release */ = {
			isa = XCBuildConfiguration;
			buildSettings = {
				ALWAYS_SEARCH_USER_PATHS = NO;
				CLANG_ENABLE_MODULES = YES;
				CLANG_ENABLE_OBJC_ARC = YES;
				COPY_PHASE_STRIP = NO;
				DEBUG_INFORMATION_FORMAT = "dwarf-with-dsym";
				ENABLE_NS_ASSERTIONS = NO;
				GCC_C_LANGUAGE_STANDARD = gnu17;
				GCC_NO_COMMON_BLOCKS = YES;
				IPHONEOS_DEPLOYMENT_TARGET = 17.0;
				MTL_ENABLE_DEBUG_INFO = NO;
				SDKROOT = iphoneos;
				SWIFT_COMPILATION_MODE = wholemodule;
				VALIDATE_PRODUCT = YES;
			};
			name = Release;
		};
		I00000000000000000000003 /* Debug */ = {
			isa = XCBuildConfiguration;
			buildSettings = {
				CODE_SIGN_ENTITLEMENTS = FitTune/Resources/FitTune.entitlements;
				CODE_SIGN_STYLE = Automatic;
				CURRENT_PROJECT_VERSION = 11;
				DEVELOPMENT_TEAM = PWP85U27MD;
				ENABLE_PREVIEWS = YES;
				GENERATE_INFOPLIST_FILE = NO;
				INFOPLIST_FILE = FitTune/Resources/Info.plist;
				INFOPLIST_KEY_CFBundleDisplayName = FitTune;
				INFOPLIST_KEY_LSApplicationCategoryType = "public.app-category.healthcare-fitness";
				INFOPLIST_KEY_NSHealthShareUsageDescription = "用于读取体重、睡眠、静息心率、步数、能量和训练数据，以生成恢复与训练建议。";
				INFOPLIST_KEY_NSBluetoothAlwaysUsageDescription = "用于连接标准蓝牙心率设备，在训练中读取实时心率。";
				INFOPLIST_KEY_NSLocationWhenInUseUsageDescription = "用于在跑步、步行和骑行训练时记录距离与配速。";
				INFOPLIST_KEY_NSMotionUsageDescription = "用于在有氧训练时记录步数、步频和运动距离。";
				INFOPLIST_KEY_UIBackgroundModes = "bluetooth-central location";
				INFOPLIST_KEY_UIApplicationSceneManifest_Generation = YES;
				INFOPLIST_KEY_UIApplicationSupportsIndirectInputEvents = YES;
				INFOPLIST_KEY_UILaunchScreen_Generation = YES;
				LD_RUNPATH_SEARCH_PATHS = (
					"$(inherited)",
					"@executable_path/Frameworks",
				);
				MARKETING_VERSION = 1.1.0;
				PRODUCT_BUNDLE_IDENTIFIER = com.codex.fittune;
				PRODUCT_NAME = "$(TARGET_NAME)";
				SUPPORTED_PLATFORMS = "iphoneos iphonesimulator";
				SUPPORTS_MACCATALYST = NO;
				SWIFT_EMIT_LOC_STRINGS = YES;
				SWIFT_VERSION = 5.0;
				TARGETED_DEVICE_FAMILY = 1;
			};
			name = Debug;
		};
		I00000000000000000000004 /* Release */ = {
			isa = XCBuildConfiguration;
			buildSettings = {
				CODE_SIGN_ENTITLEMENTS = FitTune/Resources/FitTune.entitlements;
				CODE_SIGN_STYLE = Automatic;
				CURRENT_PROJECT_VERSION = 11;
				DEVELOPMENT_TEAM = PWP85U27MD;
				GENERATE_INFOPLIST_FILE = NO;
				INFOPLIST_FILE = FitTune/Resources/Info.plist;
				INFOPLIST_KEY_CFBundleDisplayName = FitTune;
				INFOPLIST_KEY_LSApplicationCategoryType = "public.app-category.healthcare-fitness";
				INFOPLIST_KEY_NSHealthShareUsageDescription = "用于读取体重、睡眠、静息心率、步数、能量和训练数据，以生成恢复与训练建议。";
				INFOPLIST_KEY_NSBluetoothAlwaysUsageDescription = "用于连接标准蓝牙心率设备，在训练中读取实时心率。";
				INFOPLIST_KEY_NSLocationWhenInUseUsageDescription = "用于在跑步、步行和骑行训练时记录距离与配速。";
				INFOPLIST_KEY_NSMotionUsageDescription = "用于在有氧训练时记录步数、步频和运动距离。";
				INFOPLIST_KEY_UIBackgroundModes = "bluetooth-central location";
				INFOPLIST_KEY_UIApplicationSceneManifest_Generation = YES;
				INFOPLIST_KEY_UIApplicationSupportsIndirectInputEvents = YES;
				INFOPLIST_KEY_UILaunchScreen_Generation = YES;
				LD_RUNPATH_SEARCH_PATHS = (
					"$(inherited)",
					"@executable_path/Frameworks",
				);
				MARKETING_VERSION = 1.1.0;
				PRODUCT_BUNDLE_IDENTIFIER = com.codex.fittune;
				PRODUCT_NAME = "$(TARGET_NAME)";
				SUPPORTED_PLATFORMS = "iphoneos iphonesimulator";
				SUPPORTS_MACCATALYST = NO;
				SWIFT_EMIT_LOC_STRINGS = YES;
				SWIFT_VERSION = 5.0;
				TARGETED_DEVICE_FAMILY = 1;
			};
			name = Release;
		};
		I00000000000000000000005 /* Debug */ = {
			isa = XCBuildConfiguration;
			buildSettings = {
				BUNDLE_LOADER = "$(TEST_HOST)";
				CODE_SIGN_STYLE = Automatic;
				GENERATE_INFOPLIST_FILE = YES;
				LD_RUNPATH_SEARCH_PATHS = (
					"$(inherited)",
					"@executable_path/Frameworks",
					"@loader_path/Frameworks",
				);
				PRODUCT_BUNDLE_IDENTIFIER = com.codex.FitTuneTests;
				PRODUCT_NAME = "$(TARGET_NAME)";
				SWIFT_VERSION = 5.0;
				TARGETED_DEVICE_FAMILY = 1;
				TEST_HOST = "$(BUILT_PRODUCTS_DIR)/FitTune.app/FitTune";
			};
			name = Debug;
		};
		I00000000000000000000006 /* Release */ = {
			isa = XCBuildConfiguration;
			buildSettings = {
				BUNDLE_LOADER = "$(TEST_HOST)";
				CODE_SIGN_STYLE = Automatic;
				GENERATE_INFOPLIST_FILE = YES;
				LD_RUNPATH_SEARCH_PATHS = (
					"$(inherited)",
					"@executable_path/Frameworks",
					"@loader_path/Frameworks",
				);
				PRODUCT_BUNDLE_IDENTIFIER = com.codex.FitTuneTests;
				PRODUCT_NAME = "$(TARGET_NAME)";
				SWIFT_VERSION = 5.0;
				TARGETED_DEVICE_FAMILY = 1;
				TEST_HOST = "$(BUILT_PRODUCTS_DIR)/FitTune.app/FitTune";
			};
			name = Release;
		};
/* End XCBuildConfiguration section */

/* Begin XCConfigurationList section */
		A70000000000000000000002 /* Build configuration list for PBXNativeTarget "FitTuneWidgets" */ = {
			isa = XCConfigurationList;
			buildConfigurations = (
				A60000000000000000000003 /* Debug */,
				A60000000000000000000004 /* Release */,
			);
			defaultConfigurationIsVisible = 0;
			defaultConfigurationName = Release;
		};
		A70000000000000000000001 /* Build configuration list for PBXNativeTarget "FitTuneWatch" */ = {
			isa = XCConfigurationList;
			buildConfigurations = (
				A60000000000000000000001 /* Debug */,
				A60000000000000000000002 /* Release */,
			);
			defaultConfigurationIsVisible = 0;
			defaultConfigurationName = Release;
		};
		J00000000000000000000001 /* Build configuration list for PBXProject "FitTune" */ = {
			isa = XCConfigurationList;
			buildConfigurations = (
				I00000000000000000000001 /* Debug */,
				I00000000000000000000002 /* Release */,
			);
			defaultConfigurationIsVisible = 0;
			defaultConfigurationName = Release;
		};
		J00000000000000000000002 /* Build configuration list for PBXNativeTarget "FitTune" */ = {
			isa = XCConfigurationList;
			buildConfigurations = (
				I00000000000000000000003 /* Debug */,
				I00000000000000000000004 /* Release */,
			);
			defaultConfigurationIsVisible = 0;
			defaultConfigurationName = Release;
		};
		J00000000000000000000003 /* Build configuration list for PBXNativeTarget "FitTuneTests" */ = {
			isa = XCConfigurationList;
			buildConfigurations = (
				I00000000000000000000005 /* Debug */,
				I00000000000000000000006 /* Release */,
			);
			defaultConfigurationIsVisible = 0;
			defaultConfigurationName = Release;
		};
/* End XCConfigurationList section */
	};
	rootObject = G00000000000000000000001 /* Project object */;
}
